
Microsoft Visual Studio Solution File, Format Version 12.00
# Visual Studio Version 17
VisualStudioVersion = 17.0.31903.59
MinimumVisualStudioVersion = 10.0.40219.1
Project("{FAE04EC0-301F-11D3-BF4B-00C04F79EFBC}") = "violet.cheetah.Domain", "violet.cheetah.Domain\violet.cheetah.Domain.csproj", "{A838861B-FDCB-4D07-BC86-F63BC46EC12F}"
EndProject
Project("{FAE04EC0-301F-11D3-BF4B-00C04F79EFBC}") = "violet.cheetah.Api", "violet.cheetah.Api\violet.cheetah.Api.csproj", "{9C416201-63DC-4334-BD4E-EF839B78B373}"
EndProject
Project("{FAE04EC0-301F-11D3-BF4B-00C04F79EFBC}") = "violet.cheetah.Data", "violet.cheetah.Data\violet.cheetah.Data.csproj", "{55EAD111-3133-40A4-A6EF-66C1B7D3EFF4}"
EndProject
Global
	GlobalSection(SolutionConfigurationPlatforms) = preSolution
		Debug|Any CPU = Debug|Any CPU
		Release|Any CPU = Release|Any CPU
	EndGlobalSection
	GlobalSection(SolutionProperties) = preSolution
		HideSolutionNode = FALSE
	EndGlobalSection
	GlobalSection(ProjectConfigurationPlatforms) = postSolution
		{A838861B-FDCB-4D07-BC86-F63BC46EC12F}.Debug|Any CPU.ActiveCfg = Debug|Any CPU
		{A838861B-FDCB-4D07-BC86-F63BC46EC12F}.Debug|Any CPU.Build.0 = Debug|Any CPU
		{A838861B-FDCB-4D07-BC86-F63BC46EC12F}.Release|Any CPU.ActiveCfg = Release|Any CPU
		{A838861B-FDCB-4D07-BC86-F63BC46EC12F}.Release|Any CPU.Build.0 = Release|Any CPU
		{9C416201-63DC-4334-BD4E-EF839B78B373}.Debug|Any CPU.ActiveCfg = Debug|Any CPU
		{9C416201-63DC-4334-BD4E-EF839B78B373}.Debug|Any CPU.Build.0 = Debug|Any CPU
		{9C416201-63DC-4334-BD4E-EF839B78B373}.Release|Any CPU.ActiveCfg = Release|Any CPU
		{9C416201-63DC-4334-BD4E-EF839B78B373}.Release|Any CPU.Build.0 = Release|Any CPU
		{55EAD111-3133-40A4-A6EF-66C1B7D3EFF4}.Debug|Any CPU.ActiveCfg = Debug|Any CPU
		{55EAD111-3133-40A4-A6EF-66C1B7D3EFF4}.Debug|Any CPU.Build.0 = Debug|Any CPU
		{55EAD111-3133-40A4-A6EF-66C1B7D3EFF4}.Release|Any CPU.ActiveCfg = Release|Any CPU
		{55EAD111-3133-40A4-A6EF-66C1B7D3EFF4}.Release|Any CPU.Build.0 = Release|Any CPU
	EndGlobalSection
EndGlobal
